
Microsoft Visual Studio Solution File, Format Version 12.00
# Visual Studio Version 17
VisualStudioVersion = 17.1.32414.318
MinimumVisualStudioVersion = 10.0.40219.1
Project("{FAE04EC0-301F-11D3-BF4B-00C04F79EFBC}") = "Read-Writing-Streams-Files-StringReader", "Read-Writing-Streams-Files-StringReader.csproj", "{F580FC2D-DD9B-440C-A05D-F52B24DF834B}"
EndProject
Global
	GlobalSection(SolutionConfigurationPlatforms) = preSolution
		Debug|Any CPU = Debug|Any CPU
		Release|Any CPU = Release|Any CPU
	EndGlobalSection
	GlobalSection(ProjectConfigurationPlatforms) = postSolution
		{F580FC2D-DD9B-440C-A05D-F52B24DF834B}.Debug|Any CPU.ActiveCfg = Debug|Any CPU
		{F580FC2D-DD9B-440C-A05D-F52B24DF834B}.Debug|Any CPU.Build.0 = Debug|Any CPU
		{F580FC2D-DD9B-440C-A05D-F52B24DF834B}.Release|Any CPU.ActiveCfg = Release|Any CPU
		{F580FC2D-DD9B-440C-A05D-F52B24DF834B}.Release|Any CPU.Build.0 = Release|Any CPU
	EndGlobalSection
	GlobalSection(SolutionProperties) = preSolution
		HideSolutionNode = FALSE
	EndGlobalSection
	GlobalSection(ExtensibilityGlobals) = postSolution
		SolutionGuid = {7F7D9F96-FA0B-4F18-ABBC-A5FE2338A426}
	EndGlobalSection
EndGlobal
