
Microsoft Visual Studio Solution File, Format Version 12.00
# Visual Studio Version 17
VisualStudioVersion = 17.1.32414.318
MinimumVisualStudioVersion = 10.0.40219.1
Project("{FAE04EC0-301F-11D3-BF4B-00C04F79EFBC}") = "OperationArray2", "OperationArray2.csproj", "{685ED81B-07DA-485C-9B54-E10B6EDAE059}"
EndProject
Global
	GlobalSection(SolutionConfigurationPlatforms) = preSolution
		Debug|Any CPU = Debug|Any CPU
		Release|Any CPU = Release|Any CPU
	EndGlobalSection
	GlobalSection(ProjectConfigurationPlatforms) = postSolution
		{685ED81B-07DA-485C-9B54-E10B6EDAE059}.Debug|Any CPU.ActiveCfg = Debug|Any CPU
		{685ED81B-07DA-485C-9B54-E10B6EDAE059}.Debug|Any CPU.Build.0 = Debug|Any CPU
		{685ED81B-07DA-485C-9B54-E10B6EDAE059}.Release|Any CPU.ActiveCfg = Release|Any CPU
		{685ED81B-07DA-485C-9B54-E10B6EDAE059}.Release|Any CPU.Build.0 = Release|Any CPU
	EndGlobalSection
	GlobalSection(SolutionProperties) = preSolution
		HideSolutionNode = FALSE
	EndGlobalSection
	GlobalSection(ExtensibilityGlobals) = postSolution
		SolutionGuid = {F7797A31-4162-42C9-AFB8-23152D6B518A}
	EndGlobalSection
EndGlobal
